
Microsoft Visual Studio Solution File, Format Version 12.00
# Visual Studio Version 16
VisualStudioVersion = 16.0.29001.49
MinimumVisualStudioVersion = 10.0.40219.1
Project("{FAE04EC0-301F-11D3-BF4B-00C04F79EFBC}") = "circle", "circle\circle.csproj", "{A94822D1-FB3B-4A96-B2AC-FC14D3165F5E}"
EndProject
Global
	GlobalSection(SolutionConfigurationPlatforms) = preSolution
		Debug|Any CPU = Debug|Any CPU
		Release|Any CPU = Release|Any CPU
	EndGlobalSection
	GlobalSection(ProjectConfigurationPlatforms) = postSolution
		{A94822D1-FB3B-4A96-B2AC-FC14D3165F5E}.Debug|Any CPU.ActiveCfg = Debug|Any CPU
		{A94822D1-FB3B-4A96-B2AC-FC14D3165F5E}.Debug|Any CPU.Build.0 = Debug|Any CPU
		{A94822D1-FB3B-4A96-B2AC-FC14D3165F5E}.Release|Any CPU.ActiveCfg = Release|Any CPU
		{A94822D1-FB3B-4A96-B2AC-FC14D3165F5E}.Release|Any CPU.Build.0 = Release|Any CPU
	EndGlobalSection
	GlobalSection(SolutionProperties) = preSolution
		HideSolutionNode = FALSE
	EndGlobalSection
	GlobalSection(ExtensibilityGlobals) = postSolution
		SolutionGuid = {B785F13E-595C-4A9C-B71F-F8A2D1202DC6}
	EndGlobalSection
EndGlobal
